github.com/PuerkitoBio/goquery v1.12.0 h1:pAcL4g3WRXekcB9AU/y1mbKez2dbY2AajVhtkO8RIBo=
github.com/PuerkitoBio/goquery v1.12.0/go.mod h1:802ej+gV2y7bbIhOIoPY5sT183ZW0YFofScC4q/hIpQ=
github.com/alecthomas/chroma v0.10.0 h1:7XDcGkCQopCNKjZHfYrNLraA+M7e0fMiJ/Mfikbfjek=
github.com/alecthomas/chroma v0.10.0/go.mod h1:jtJATyUxlIORhUOFNA9NZDWGAQ8wpxQQqNSB4rjA/1s=
github.com/andybalholm/cascadia v1.3.4 h1:vM2lgh0Vru9Vwyfm4cQqWP2HHMW0u0+2PAW7Q38Qufg=
github.com/andybalholm/cascadia v1.3.4/go.mod h1:BLRmbRjpEtNKieZOCCvYj4RqN+KRA41GBe/5O+G93kM=
github.com/boxesandglue/baseline-pdf v1.1.20 h1:pWBz0sbN1mrBwX2rtMhjvTGc2fL+hXyr+M1FF2kYMK4=
github.com/boxesandglue/baseline-pdf v1.1.20/go.mod h1:WoJAimnUSgqGkxIh5+cWVpBvDoqyUY+hQHI0PFA/qvc=
github.com/boxesandglue/boxesandglue v0.2.47 h1:7HcAFI6Auu5k05Vge/OowvqZVmbNVjOQOaJOUtZ/ZQs=
github.com/boxesandglue/boxesandglue v0.2.47/go.mod h1:aIsI+giW6wOlI7XUDbe+Vk5q+jawtspdeGBl3tWssGs=
github.com/boxesandglue/csshtml v0.0.17 h1:AW0BWEvpwQf5DkDifAJqbkdPsN3V9rGF736xcgLvcXg=
github.com/boxesandglue/csshtml v0.0.17/go.mod h1:KJv6OFA8cpRTub345TCBN9EtkD6ZA8TljYjggvmAi6o=
github.com/boxesandglue/gofpdi v1.0.24 h1:7Q0v4dkmByemj8PyIYi8ylIYrUnNhY/L/Ed6MRGwlro=
github.com/boxesandglue/gofpdi v1.0.24/go.mod h1:U26faV5/yQf8ivQS0Tt2TdpU7Y8X9wpLLB2T/5oI+u4=
github.com/boxesandglue/htmlbag v0.0.47 h1:x0GvhgCC6f+tDp087T7IOQhRp6+Hisrc9LE6AHtOp1Q=
github.com/boxesandglue/htmlbag v0.0.47/go.mod h1:UnDC+bjcEE1WcAfYRHQa4bd5B4D7NBCnei1C3GQi9L4=
github.com/boxesandglue/svgreader v0.0.4 h1:q3hGxqpwUUHByfM3NoinB+vWbH18v1TmVnCJKCo8VWU=
github.com/boxesandglue/svgreader v0.0.4/go.mod h1:EGGvqEiNQsKBrnLYqDfMznN044fFcKkCHrXDLYJ56IY=
github.com/boxesandglue/textshape v0.0.15 h1:lWnWReoDxJbO/PNcL/EfMsbLkRgNMzwR86ChN8ZeuO0=
github.com/boxesandglue/textshape v0.0.15/go.mod h1:DdRw4tpKs6xFaulvBfut/ICZGXgZeibMhoLrQycmVh8=
github.com/clipperhouse/uax29/v2 v2.7.0 h1:+gs4oBZ2gPfVrKPthwbMzWZDaAFPGYK72F0NJv2v7Vk=
github.com/clipperhouse/uax29/v2 v2.7.0/go.mod h1:EFJ2TJMRUaplDxHKj1qAEhCtQPW2tJSwu5BF98AuoVM=
github.com/davecgh/go-spew v1.1.0/go.mod h1:J7Y8YcW2NihsgmVo/mv3lAwl/skON4iLHjSsI+c5H38=
github.com/davecgh/go-spew v1.1.1 h1:vj9j/u1bqnvCEfJOwUhtlOARqs3+rkHYY13jYWTU97c=
github.com/davecgh/go-spew v1.1.1/go.mod h1:J7Y8YcW2NihsgmVo/mv3lAwl/skON4iLHjSsI+c5H38=
github.com/dlclark/regexp2 v1.4.0 h1:F1rxgk7p4uKjwIQxBs9oAXe5CqrXlCduYEJvrF4u93E=
github.com/dlclark/regexp2 v1.4.0/go.mod h1:2pZnwuY/m+8K6iRw6wQdMtk+rH5tNGR1i55kozfMjCc=
github.com/gammazero/deque v0.2.0 h1:SkieyNB4bg2/uZZLxvya0Pq6diUlwx7m2TeT7GAIWaA=
github.com/gammazero/deque v0.2.0/go.mod h1:LFroj8x4cMYCukHJDbxFCkT+r9AndaJnFMuZDV34tuU=
github.com/gammazero/workerpool v1.1.3 h1:WixN4xzukFoN0XSeXF6puqEqFTl2mECI9S6W44HWy9Q=
github.com/gammazero/workerpool v1.1.3/go.mod h1:wPjyBLDbyKnUn2XwwyD3EEwo9dHutia9/fwNmSHWACc=
github.com/google/uuid v1.6.0 h1:NIvaJDMOsjHA8n1jAhLSgzrAzy1Hgr+hNrb57e+94F0=
github.com/google/uuid v1.6.0/go.mod h1:TIyPZe4MgqvfeYDBFedMoGGpEw/LqOeaOT+nhxU+yHo=
github.com/mitchellh/mapstructure v1.5.0 h1:jeMsZIYE/09sWLaz43PL7Gy6RuMjD2eJVyuac5Z2hdY=
github.com/mitchellh/mapstructure v1.5.0/go.mod h1:bFUtVrKA4DC2yAKiSyO/QUcy7e+RRV2QTWOzhPopBRo=
github.com/pelletier/go-toml/v2 v2.0.8 h1:0ctb6s9mE31h0/lhu+J6OPmVeDxJn+kYnJc2jZR9tGQ=
github.com/pelletier/go-toml/v2 v2.0.8/go.mod h1:vuYfssBdrU2XDZ9bYydBu6t+6a6PYNcZljzZR9VXg+4=
github.com/pmezard/go-difflib v1.0.0 h1:4DBwDE0NGyQoBHbLQYPwSUPoCMWR5BEzIk/f1lZbAQM=
github.com/pmezard/go-difflib v1.0.0/go.mod h1:iKH77koFhYxTK1pcRnkKkqfTogsbg7gZNVY4sRDYZ/4=
github.com/speedata/barcode v1.1.1 h1:pEBt6VWg2tG2rOhDePLCub4bZWP6bHyGJhclwyt6Oxc=
github.com/speedata/barcode v1.1.1/go.mod h1:BNwJ2io3ZgecUqunSUFAlfnnI8YTh3SLSHZgs5vaoTY=
github.com/speedata/css v1.0.5 h1:eJms65mtBVtWx3YsRn7crNfZSNMB1/wb2f9fhx2hP7o=
github.com/speedata/css v1.0.5/go.mod h1:xRFJesAMD/T6sqUeQUs5cqwuV0MwPbj7W/3ghmCo38g=
github.com/speedata/go-lua v0.1.10 h1:0PUuQeLXON6MOVlrhnUfMAb+pQuDWuYHI2tvGJ6TwsA=
github.com/speedata/go-lua v0.1.10/go.mod h1:6Ay/2kO1IHOXkp7rmXPpAJrqwNTMwM4qcqM6U9u9RDc=
github.com/speedata/goxlsx v1.0.2 h1:hi00xy1EQhqrag4HNIc9hVEtVmTGrh3z9C1AH9ysg74=
github.com/speedata/goxlsx v1.0.2/go.mod h1:7eXkL4ZUZ2uUlnBBAmh0iwOdhOkqqstW/FmkEe2IPMY=
github.com/speedata/goxml v1.0.9 h1:SJ607OEFUGFYabspu+dX5tgvIoO7gtKCqsdSnuFnDW4=
github.com/speedata/goxml v1.0.9/go.mod h1:G++cv0h2rC8ltAhvQmANDgwMbKRd3MetXlF8PLob6dw=
github.com/speedata/goxpath v1.0.13 h1:dIqlSGllBFNUM0WWB4wfUlba+ZNL2XoMeQIshmF4urg=
github.com/speedata/goxpath v1.0.13/go.mod h1:ZrjnDd5r2gw+20UvSM2EGHDwz3qKIp3DmkoCYzxLKiM=
github.com/speedata/goxslt v0.0.2 h1:fzARLRHAb0xmAifWJGMD75hfrhRGK7K4iB1u899Rf2k=
github.com/speedata/goxslt v0.0.2/go.mod h1:LZO9C6pwKTc+blNPA0ELO0+G2DhcsMLNqxCWNYO2Usw=
github.com/speedata/hyphenation v1.0.2 h1:2rDCtAqNfbf+E56SsqbmNApsVx9CH+4fwIh1RZuu3B8=
github.com/speedata/hyphenation v1.0.2/go.mod h1:vwrKKvBvJWFll0sVZw99hyWS/+r4YlMI7MAYjnje0nM=
github.com/speedata/optionparser v1.2.1 h1:h/fN19txdNyY6esRvLAEvh5ntic79r80fDI8D8+6y8g=
github.com/speedata/optionparser v1.2.1/go.mod h1:JzOMd1kGlM5gtPBy7reOayfHsTXCvd6P4JU8BW0LicE=
github.com/speedata/pdfdisassembler v0.0.7 h1:n8gPHlHun8l8JmdB+HORG1SFipQbMnqwoW2f5w/lZYI=
github.com/speedata/pdfdisassembler v0.0.7/go.mod h1:KOflh2TQuVxcJLjZdkA0YqGi1HOCUNlrM4/XzdliQ+Y=
github.com/stretchr/objx v0.1.0/go.mod h1:HFkY916IF+rwdDfMAkV7OtwuqBVzrE8GR6GFx+wExME=
github.com/stretchr/objx v0.4.0/go.mod h1:YvHI0jy2hoMjB+UWwv71VJQ9isScKT/TqJzVSSt89Yw=
github.com/stretchr/objx v0.5.0/go.mod h1:Yh+to48EsGEfYuaHDzXPcE3xhTkx73EhmCGUpEOglKo=
github.com/stretchr/testify v1.7.0/go.mod h1:6Fq8oRcR53rry900zMqJjRRixrwX3KX962/h/Wwjteg=
github.com/stretchr/testify v1.7.1/go.mod h1:6Fq8oRcR53rry900zMqJjRRixrwX3KX962/h/Wwjteg=
github.com/stretchr/testify v1.8.0/go.mod h1:yNjHg4UonilssWZ8iaSj1OCr/vHnekPRkoO+kdMU+MU=
github.com/stretchr/testify v1.8.3 h1:RP3t2pwF7cMEbC1dqtB6poj3niw/9gnV4Cjg5oW5gtY=
github.com/stretchr/testify v1.8.3/go.mod h1:sz/lmYIOXD/1dqDmKjjqLyZ2RngseejIcXlSw2iwfAo=
github.com/yuin/goldmark v1.4.5/go.mod h1:rmuwmfZ0+bvzB24eSC//bk1R1Zp3hM0OXYv/G2LIilg=
github.com/yuin/goldmark v1.7.16 h1:n+CJdUxaFMiDUNnWC3dMWCIQJSkxH4uz3ZwQBkAlVNE=
github.com/yuin/goldmark v1.7.16/go.mod h1:ip/1k0VRfGynBgxOz0yCqHrbZXhcjxyuS66Brc7iBKg=
github.com/yuin/goldmark-highlighting v0.0.0-20220208100518-594be1970594 h1:yHfZyN55+5dp1wG7wDKv8HQ044moxkyGq12KFFMFDxg=
github.com/yuin/goldmark-highlighting v0.0.0-20220208100518-594be1970594/go.mod h1:U9ihbh+1ZN7fR5Se3daSPoz1CGF9IYtSvWwVQtnzGHU=
go.uber.org/goleak v1.1.12 h1:gZAh5/EyT/HQwlpkCy6wTpqfH9H8Lz8zbm3dZh+OyzA=
go.uber.org/goleak v1.1.12/go.mod h1:cwTWslyiVhfpKIDGSZEM2HlOvcqm+tG4zioyIeLoqMQ=
golang.org/x/net v0.57.0 h1:K5+3DljvIuDG9/Jv9rvyMywYNFCQ9RSUY6OOTTkT+tE=
golang.org/x/net v0.57.0/go.mod h1:KpXc8iv+r3XplLAG/f7Jsf9RPszJzdR0f58q9vGOuEU=
golang.org/x/sys v0.47.0 h1:o7XGOvZQCADBQQ4Y7VNq2dRWQR7JmOUW8Kxx4ZsNgWs=
golang.org/x/sys v0.47.0/go.mod h1:4GL1E5IUh+htKOUEOaiffhrAeqysfVGipDYzABqnCmw=
golang.org/x/text v0.40.0 h1:Ub2Z6/xjgF1WrYQz2nuITOEegKFtiIy+rieRJ5lHZKs=
golang.org/x/text v0.40.0/go.mod h1:hpnzDAfGV753zIKo+wk3u1bVKCGPbrnF7+7LBF/UHVY=
gopkg.in/check.v1 v0.0.0-20161208181325-20d25e280405/go.mod h1:Co6ibVJAznAaIkqp8huTwlJQCZ016jof/cbN4VW5Yz0=
gopkg.in/yaml.v3 v3.0.0-20200313102051-9f266ea9e77c/go.mod h1:K4uyk7z7BCEPqu6E+C64Yfv1cQ7kz7rIZviUmN+EgEM=
gopkg.in/yaml.v3 v3.0.1 h1:fxVm/GzAzEWqLHuvctI91KS9hhNmmWOoWu0XTYJS7CA=
gopkg.in/yaml.v3 v3.0.1/go.mod h1:K4uyk7z7BCEPqu6E+C64Yfv1cQ7kz7rIZviUmN+EgEM=
